
Microsoft Visual Studio Solution File, Format Version 12.00
# Visual Studio Version 17
VisualStudioVersion = 17.6.33801.468
MinimumVisualStudioVersion = 10.0.40219.1
Project("{FAE04EC0-301F-11D3-BF4B-00C04F79EFBC}") = "Frontend", "Frontend\Frontend.csproj", "{76D94F1F-7EAE-4CFE-AC32-20D6666121B7}"
EndProject
Project("{FAE04EC0-301F-11D3-BF4B-00C04F79EFBC}") = "Logica", "Logica\Logica.csproj", "{3A18EF9C-D831-4524-AF15-0768702A1B5E}"
EndProject
Global
	GlobalSection(SolutionConfigurationPlatforms) = preSolution
		Debug|Any CPU = Debug|Any CPU
		Release|Any CPU = Release|Any CPU
	EndGlobalSection
	GlobalSection(ProjectConfigurationPlatforms) = postSolution
		{76D94F1F-7EAE-4CFE-AC32-20D6666121B7}.Debug|Any CPU.ActiveCfg = Debug|Any CPU
		{76D94F1F-7EAE-4CFE-AC32-20D6666121B7}.Debug|Any CPU.Build.0 = Debug|Any CPU
		{76D94F1F-7EAE-4CFE-AC32-20D6666121B7}.Release|Any CPU.ActiveCfg = Release|Any CPU
		{76D94F1F-7EAE-4CFE-AC32-20D6666121B7}.Release|Any CPU.Build.0 = Release|Any CPU
		{3A18EF9C-D831-4524-AF15-0768702A1B5E}.Debug|Any CPU.ActiveCfg = Debug|Any CPU
		{3A18EF9C-D831-4524-AF15-0768702A1B5E}.Debug|Any CPU.Build.0 = Debug|Any CPU
		{3A18EF9C-D831-4524-AF15-0768702A1B5E}.Release|Any CPU.ActiveCfg = Release|Any CPU
		{3A18EF9C-D831-4524-AF15-0768702A1B5E}.Release|Any CPU.Build.0 = Release|Any CPU
	EndGlobalSection
	GlobalSection(SolutionProperties) = preSolution
		HideSolutionNode = FALSE
	EndGlobalSection
	GlobalSection(ExtensibilityGlobals) = postSolution
		SolutionGuid = {A6AFDA3A-9714-42AA-ACD0-6BD8CB8763DD}
	EndGlobalSection
EndGlobal
